{
  "name": "007_verstcamp",
  "version": "1.0.0",
  "lockfileVersion": 1,
  "requires": true,
  "dependencies": {
    "circlr": {
      "version": "3.1.1",
      "resolved": "https://registry.npmjs.org/circlr/-/circlr-3.1.1.tgz",
      "integrity": "sha1-xnaYfeArJRNKnU0loaXmgpxPmfs=",
      "requires": {
        "component-emitter": "1.2.1",
        "eventwheel": "0.3.1"
      }
    },
    "component-emitter": {
      "version": "1.2.1",
      "resolved": "https://registry.npmjs.org/component-emitter/-/component-emitter-1.2.1.tgz",
      "integrity": "sha1-E3kY1teCg/ffemt8WmPhQOaUJeY="
    },
    "component-event": {
      "version": "0.1.4",
      "resolved": "https://registry.npmjs.org/component-event/-/component-event-0.1.4.tgz",
      "integrity": "sha1-PeePwoeCOBeH4kvyp8U2vwFCybQ="
    },
    "eventwheel": {
      "version": "0.3.1",
      "resolved": "https://registry.npmjs.org/eventwheel/-/eventwheel-0.3.1.tgz",
      "integrity": "sha1-IS/gCheFFW5+wfBsjgJGaCMFoQM=",
      "requires": {
        "component-event": "0.1.4"
      }
    }
  }
}
